
Microsoft Visual Studio Solution File, Format Version 12.00
Project("{FAE04EC0-301F-11D3-BF4B-00C04F79EFBC}") = "Models", "Models\Models.csproj", "{F3A32925-C5D4-4EC4-91B7-05720614F753}"
EndProject
Project("{FAE04EC0-301F-11D3-BF4B-00C04F79EFBC}") = "CostumerApi", "CostumerApi\CostumerApi.csproj", "{21D09BD6-8692-482D-91B3-7AE750130AF5}"
EndProject
Project("{FAE04EC0-301F-11D3-BF4B-00C04F79EFBC}") = "CarApi", "CarApi\CarApi.csproj", "{9C9708F4-66A4-4F93-BCDA-7FA2C2B87C2A}"
EndProject
Project("{FAE04EC0-301F-11D3-BF4B-00C04F79EFBC}") = "EmployeeApi", "EmployeeApi\EmployeeApi.csproj", "{6C5D3DB2-1305-4B8C-B356-4872C0D19A13}"
EndProject
Project("{FAE04EC0-301F-11D3-BF4B-00C04F79EFBC}") = "ServiceApi", "ServiceApi\ServiceApi.csproj", "{C43FBA93-B969-4C00-9F9C-F41CC35F610D}"
EndProject
Project("{FAE04EC0-301F-11D3-BF4B-00C04F79EFBC}") = "CarServiceApi", "CarServiceApi\CarServiceApi.csproj", "{8BDCE181-5B89-451B-ABA9-3C4D5D40FEB0}"
EndProject
Project("{FAE04EC0-301F-11D3-BF4B-00C04F79EFBC}") = "PurchasApi", "PurchasApi\PurchasApi.csproj", "{085D5C07-C95A-4484-B0BB-7C75E4E1262F}"
EndProject
Project("{FAE04EC0-301F-11D3-BF4B-00C04F79EFBC}") = "AddressApi", "AddressApi\AddressApi.csproj", "{D7EF9D87-B65A-40D8-8B1B-C723D5B175CE}"
EndProject
Project("{FAE04EC0-301F-11D3-BF4B-00C04F79EFBC}") = "PaymentApi", "PaymentApi\PaymentApi.csproj", "{2A8BCF11-1A46-4187-9DDE-3FFB9F827E3A}"
EndProject
Project("{FAE04EC0-301F-11D3-BF4B-00C04F79EFBC}") = "SaleApi", "SaleApi\SaleApi.csproj", "{2AF8E5F3-9402-4E9B-A0E1-42C851D00B29}"
EndProject
Project("{FAE04EC0-301F-11D3-BF4B-00C04F79EFBC}") = "DatabaseApi", "DatabaseApi\DatabaseApi.csproj", "{A0F63F71-E08C-4271-9AAB-53212A9A92EB}"
EndProject
Global
	GlobalSection(SolutionConfigurationPlatforms) = preSolution
		Debug|Any CPU = Debug|Any CPU
		Release|Any CPU = Release|Any CPU
	EndGlobalSection
	GlobalSection(ProjectConfigurationPlatforms) = postSolution
		{F3A32925-C5D4-4EC4-91B7-05720614F753}.Debug|Any CPU.ActiveCfg = Debug|Any CPU
		{F3A32925-C5D4-4EC4-91B7-05720614F753}.Debug|Any CPU.Build.0 = Debug|Any CPU
		{F3A32925-C5D4-4EC4-91B7-05720614F753}.Release|Any CPU.ActiveCfg = Release|Any CPU
		{F3A32925-C5D4-4EC4-91B7-05720614F753}.Release|Any CPU.Build.0 = Release|Any CPU
		{21D09BD6-8692-482D-91B3-7AE750130AF5}.Debug|Any CPU.ActiveCfg = Debug|Any CPU
		{21D09BD6-8692-482D-91B3-7AE750130AF5}.Debug|Any CPU.Build.0 = Debug|Any CPU
		{21D09BD6-8692-482D-91B3-7AE750130AF5}.Release|Any CPU.ActiveCfg = Release|Any CPU
		{21D09BD6-8692-482D-91B3-7AE750130AF5}.Release|Any CPU.Build.0 = Release|Any CPU
		{9C9708F4-66A4-4F93-BCDA-7FA2C2B87C2A}.Debug|Any CPU.ActiveCfg = Debug|Any CPU
		{9C9708F4-66A4-4F93-BCDA-7FA2C2B87C2A}.Debug|Any CPU.Build.0 = Debug|Any CPU
		{9C9708F4-66A4-4F93-BCDA-7FA2C2B87C2A}.Release|Any CPU.ActiveCfg = Release|Any CPU
		{9C9708F4-66A4-4F93-BCDA-7FA2C2B87C2A}.Release|Any CPU.Build.0 = Release|Any CPU
		{6C5D3DB2-1305-4B8C-B356-4872C0D19A13}.Debug|Any CPU.ActiveCfg = Debug|Any CPU
		{6C5D3DB2-1305-4B8C-B356-4872C0D19A13}.Debug|Any CPU.Build.0 = Debug|Any CPU
		{6C5D3DB2-1305-4B8C-B356-4872C0D19A13}.Release|Any CPU.ActiveCfg = Release|Any CPU
		{6C5D3DB2-1305-4B8C-B356-4872C0D19A13}.Release|Any CPU.Build.0 = Release|Any CPU
		{C43FBA93-B969-4C00-9F9C-F41CC35F610D}.Debug|Any CPU.ActiveCfg = Debug|Any CPU
		{C43FBA93-B969-4C00-9F9C-F41CC35F610D}.Debug|Any CPU.Build.0 = Debug|Any CPU
		{C43FBA93-B969-4C00-9F9C-F41CC35F610D}.Release|Any CPU.ActiveCfg = Release|Any CPU
		{C43FBA93-B969-4C00-9F9C-F41CC35F610D}.Release|Any CPU.Build.0 = Release|Any CPU
		{8BDCE181-5B89-451B-ABA9-3C4D5D40FEB0}.Debug|Any CPU.ActiveCfg = Debug|Any CPU
		{8BDCE181-5B89-451B-ABA9-3C4D5D40FEB0}.Debug|Any CPU.Build.0 = Debug|Any CPU
		{8BDCE181-5B89-451B-ABA9-3C4D5D40FEB0}.Release|Any CPU.ActiveCfg = Release|Any CPU
		{8BDCE181-5B89-451B-ABA9-3C4D5D40FEB0}.Release|Any CPU.Build.0 = Release|Any CPU
		{085D5C07-C95A-4484-B0BB-7C75E4E1262F}.Debug|Any CPU.ActiveCfg = Debug|Any CPU
		{085D5C07-C95A-4484-B0BB-7C75E4E1262F}.Debug|Any CPU.Build.0 = Debug|Any CPU
		{085D5C07-C95A-4484-B0BB-7C75E4E1262F}.Release|Any CPU.ActiveCfg = Release|Any CPU
		{085D5C07-C95A-4484-B0BB-7C75E4E1262F}.Release|Any CPU.Build.0 = Release|Any CPU
		{D7EF9D87-B65A-40D8-8B1B-C723D5B175CE}.Debug|Any CPU.ActiveCfg = Debug|Any CPU
		{D7EF9D87-B65A-40D8-8B1B-C723D5B175CE}.Debug|Any CPU.Build.0 = Debug|Any CPU
		{D7EF9D87-B65A-40D8-8B1B-C723D5B175CE}.Release|Any CPU.ActiveCfg = Release|Any CPU
		{D7EF9D87-B65A-40D8-8B1B-C723D5B175CE}.Release|Any CPU.Build.0 = Release|Any CPU
		{2A8BCF11-1A46-4187-9DDE-3FFB9F827E3A}.Debug|Any CPU.ActiveCfg = Debug|Any CPU
		{2A8BCF11-1A46-4187-9DDE-3FFB9F827E3A}.Debug|Any CPU.Build.0 = Debug|Any CPU
		{2A8BCF11-1A46-4187-9DDE-3FFB9F827E3A}.Release|Any CPU.ActiveCfg = Release|Any CPU
		{2A8BCF11-1A46-4187-9DDE-3FFB9F827E3A}.Release|Any CPU.Build.0 = Release|Any CPU
		{2AF8E5F3-9402-4E9B-A0E1-42C851D00B29}.Debug|Any CPU.ActiveCfg = Debug|Any CPU
		{2AF8E5F3-9402-4E9B-A0E1-42C851D00B29}.Debug|Any CPU.Build.0 = Debug|Any CPU
		{2AF8E5F3-9402-4E9B-A0E1-42C851D00B29}.Release|Any CPU.ActiveCfg = Release|Any CPU
		{2AF8E5F3-9402-4E9B-A0E1-42C851D00B29}.Release|Any CPU.Build.0 = Release|Any CPU
		{A0F63F71-E08C-4271-9AAB-53212A9A92EB}.Debug|Any CPU.ActiveCfg = Debug|Any CPU
		{A0F63F71-E08C-4271-9AAB-53212A9A92EB}.Debug|Any CPU.Build.0 = Debug|Any CPU
		{A0F63F71-E08C-4271-9AAB-53212A9A92EB}.Release|Any CPU.ActiveCfg = Release|Any CPU
		{A0F63F71-E08C-4271-9AAB-53212A9A92EB}.Release|Any CPU.Build.0 = Release|Any CPU
	EndGlobalSection
EndGlobal
